// !$*UTF8*$!
{
	archiveVersion = 1;
	classes = {
	};
	objectVersion = 50;
	objects = {

/* Begin PBXBuildFile section */
		DB1CB380208740BB006276F5 /* ZPZShaderPractice.cpp in Sources */ = {isa = PBXBuildFile; fileRef = DB1CB37E208740BB006276F5 /* ZPZShaderPractice.cpp */; };
		DB6845522085C9B300C50530 /* main.cpp in Sources */ = {isa = PBXBuildFile; fileRef = DB6845512085C9B300C50530 /* main.cpp */; };
		DB68455A2085C9D900C50530 /* OpenGL.framework in Frameworks */ = {isa = PBXBuildFile; fileRef = DB6845592085C9D900C50530 /* OpenGL.framework */; };
		DB68455D2085C9F400C50530 /* libGLEW.2.1.0.dylib in Frameworks */ = {isa = PBXBuildFile; fileRef = DB68455B2085C9F400C50530 /* libGLEW.2.1.0.dylib */; };
		DB68455E2085C9F400C50530 /* libglfw.3.3.dylib in Frameworks */ = {isa = PBXBuildFile; fileRef = DB68455C2085C9F400C50530 /* libglfw.3.3.dylib */; };
		DB6845612085CA6300C50530 /* ZPZHelloWindow.cpp in Sources */ = {isa = PBXBuildFile; fileRef = DB68455F2085CA6300C50530 /* ZPZHelloWindow.cpp */; };
		DB6845642085F5B700C50530 /* ZPZHelloTriangle.cpp in Sources */ = {isa = PBXBuildFile; fileRef = DB6845622085F5B700C50530 /* ZPZHelloTriangle.cpp */; };
/* End PBXBuildFile section */

/* Begin PBXCopyFilesBuildPhase section */
		DB68454C2085C9B300C50530 /* CopyFiles */ = {
			isa = PBXCopyFilesBuildPhase;
			buildActionMask = 2147483647;
			dstPath = /usr/share/man/man1/;
			dstSubfolderSpec = 0;
			files = (
			);
			runOnlyForDeploymentPostprocessing = 1;
		};
/* End PBXCopyFilesBuildPhase section */

/* Begin PBXFileReference section */
		DB1CB37E208740BB006276F5 /* ZPZShaderPractice.cpp */ = {isa = PBXFileReference; lastKnownFileType = sourcecode.cpp.cpp; path = ZPZShaderPractice.cpp; sourceTree = "<group>"; };
		DB1CB37F208740BB006276F5 /* ZPZShaderPractice.hpp */ = {isa = PBXFileReference; lastKnownFileType = sourcecode.cpp.h; path = ZPZShaderPractice.hpp; sourceTree = "<group>"; };
		DB68454E2085C9B300C50530 /* ZPZOpenGLPractice */ = {isa = PBXFileReference; explicitFileType = "compiled.mach-o.executable"; includeInIndex = 0; path = ZPZOpenGLPractice; sourceTree = BUILT_PRODUCTS_DIR; };
		DB6845512085C9B300C50530 /* main.cpp */ = {isa = PBXFileReference; lastKnownFileType = sourcecode.cpp.cpp; path = main.cpp; sourceTree = "<group>"; };
		DB6845592085C9D900C50530 /* OpenGL.framework */ = {isa = PBXFileReference; lastKnownFileType = wrapper.framework; name = OpenGL.framework; path = System/Library/Frameworks/OpenGL.framework; sourceTree = SDKROOT; };
		DB68455B2085C9F400C50530 /* libGLEW.2.1.0.dylib */ = {isa = PBXFileReference; lastKnownFileType = "compiled.mach-o.dylib"; name = libGLEW.2.1.0.dylib; path = ../../../../../usr/local/lib/libGLEW.2.1.0.dylib; sourceTree = "<group>"; };
		DB68455C2085C9F400C50530 /* libglfw.3.3.dylib */ = {isa = PBXFileReference; lastKnownFileType = "compiled.mach-o.dylib"; name = libglfw.3.3.dylib; path = ../../../../../usr/local/lib/libglfw.3.3.dylib; sourceTree = "<group>"; };
		DB68455F2085CA6300C50530 /* ZPZHelloWindow.cpp */ = {isa = PBXFileReference; lastKnownFileType = sourcecode.cpp.cpp; path = ZPZHelloWindow.cpp; sourceTree = "<group>"; };
		DB6845602085CA6300C50530 /* ZPZHelloWindow.hpp */ = {isa = PBXFileReference; lastKnownFileType = sourcecode.cpp.h; path = ZPZHelloWindow.hpp; sourceTree = "<group>"; };
		DB6845622085F5B700C50530 /* ZPZHelloTriangle.cpp */ = {isa = PBXFileReference; lastKnownFileType = sourcecode.cpp.cpp; path = ZPZHelloTriangle.cpp; sourceTree = "<group>"; };
		DB6845632085F5B700C50530 /* ZPZHelloTriangle.hpp */ = {isa = PBXFileReference; lastKnownFileType = sourcecode.cpp.h; path = ZPZHelloTriangle.hpp; sourceTree = "<group>"; };
/* End PBXFileReference section */

/* Begin PBXFrameworksBuildPhase section */
		DB68454B2085C9B300C50530 /* Frameworks */ = {
			isa = PBXFrameworksBuildPhase;
			buildActionMask = 2147483647;
			files = (
				DB68455D2085C9F400C50530 /* libGLEW.2.1.0.dylib in Frameworks */,
				DB68455E2085C9F400C50530 /* libglfw.3.3.dylib in Frameworks */,
				DB68455A2085C9D900C50530 /* OpenGL.framework in Frameworks */,
			);
			runOnlyForDeploymentPostprocessing = 0;
		};
/* End PBXFrameworksBuildPhase section */

/* Begin PBXGroup section */
		DB6845452085C9B300C50530 = {
			isa = PBXGroup;
			children = (
				DB6845502085C9B300C50530 /* ZPZOpenGLPractice */,
				DB68454F2085C9B300C50530 /* Products */,
				DB6845582085C9D800C50530 /* Frameworks */,
			);
			sourceTree = "<group>";
		};
		DB68454F2085C9B300C50530 /* Products */ = {
			isa = PBXGroup;
			children = (
				DB68454E2085C9B300C50530 /* ZPZOpenGLPractice */,
			);
			name = Products;
			sourceTree = "<group>";
		};
		DB6845502085C9B300C50530 /* ZPZOpenGLPractice */ = {
			isa = PBXGroup;
			children = (
				DB6845512085C9B300C50530 /* main.cpp */,
				DB68455F2085CA6300C50530 /* ZPZHelloWindow.cpp */,
				DB6845602085CA6300C50530 /* ZPZHelloWindow.hpp */,
				DB6845622085F5B700C50530 /* ZPZHelloTriangle.cpp */,
				DB6845632085F5B700C50530 /* ZPZHelloTriangle.hpp */,
				DB1CB37E208740BB006276F5 /* ZPZShaderPractice.cpp */,
				DB1CB37F208740BB006276F5 /* ZPZShaderPractice.hpp */,
			);
			path = ZPZOpenGLPractice;
			sourceTree = "<group>";
		};
		DB6845582085C9D800C50530 /* Frameworks */ = {
			isa = PBXGroup;
			children = (
				DB68455B2085C9F400C50530 /* libGLEW.2.1.0.dylib */,
				DB68455C2085C9F400C50530 /* libglfw.3.3.dylib */,
				DB6845592085C9D900C50530 /* OpenGL.framework */,
			);
			name = Frameworks;
			sourceTree = "<group>";
		};
/* End PBXGroup section */

/* Begin PBXNativeTarget section */
		DB68454D2085C9B300C50530 /* ZPZOpenGLPractice */ = {
			isa = PBXNativeTarget;
			buildConfigurationList = DB6845552085C9B300C50530 /* Build configuration list for PBXNativeTarget "ZPZOpenGLPractice" */;
			buildPhases = (
				DB68454A2085C9B300C50530 /* Sources */,
				DB68454B2085C9B300C50530 /* Frameworks */,
				DB68454C2085C9B300C50530 /* CopyFiles */,
			);
			buildRules = (
			);
			dependencies = (
			);
			name = ZPZOpenGLPractice;
			productName = ZPZOpenGLPractice;
			productReference = DB68454E2085C9B300C50530 /* ZPZOpenGLPractice */;
			productType = "com.apple.product-type.tool";
		};
/* End PBXNativeTarget section */

/* Begin PBXProject section */
		DB6845462085C9B300C50530 /* Project object */ = {
			isa = PBXProject;
			attributes = {
				LastUpgradeCheck = 0930;
				ORGANIZATIONNAME = zhoupengzu;
				TargetAttributes = {
					DB68454D2085C9B300C50530 = {
						CreatedOnToolsVersion = 9.3;
					};
				};
			};
			buildConfigurationList = DB6845492085C9B300C50530 /* Build configuration list for PBXProject "ZPZOpenGLPractice" */;
			compatibilityVersion = "Xcode 9.3";
			developmentRegion = en;
			hasScannedForEncodings = 0;
			knownRegions = (
				en,
			);
			mainGroup = DB6845452085C9B300C50530;
			productRefGroup = DB68454F2085C9B300C50530 /* Products */;
			projectDirPath = "";
			projectRoot = "";
			targets = (
				DB68454D2085C9B300C50530 /* ZPZOpenGLPractice */,
			);
		};
/* End PBXProject section */

/* Begin PBXSourcesBuildPhase section */
		DB68454A2085C9B300C50530 /* Sources */ = {
			isa = PBXSourcesBuildPhase;
			buildActionMask = 2147483647;
			files = (
				DB1CB380208740BB006276F5 /* ZPZShaderPractice.cpp in Sources */,
				DB6845522085C9B300C50530 /* main.cpp in Sources */,
				DB6845612085CA6300C50530 /* ZPZHelloWindow.cpp in Sources */,
				DB6845642085F5B700C50530 /* ZPZHelloTriangle.cpp in Sources */,
			);
			runOnlyForDeploymentPostprocessing = 0;
		};
/* End PBXSourcesBuildPhase section */

/* Begin XCBuildConfiguration section */
		DB6845532085C9B300C50530 /* Debug */ = {
			isa = XCBuildConfiguration;
			buildSettings = {
				ALWAYS_SEARCH_USER_PATHS = NO;
				CLANG_ANALYZER_NONNULL = YES;
				CLANG_ANALYZER_NUMBER_OBJECT_CONVERSION = YES_AGGRESSIVE;
				CLANG_CXX_LANGUAGE_STANDARD = "gnu++14";
				CLANG_CXX_LIBRARY = "libc++";
				CLANG_ENABLE_MODULES = YES;
				CLANG_ENABLE_OBJC_ARC = YES;
				CLANG_ENABLE_OBJC_WEAK = YES;
				CLANG_WARN_BLOCK_CAPTURE_AUTORELEASING = YES;
				CLANG_WARN_BOOL_CONVERSION = YES;
				CLANG_WARN_COMMA = YES;
				CLANG_WARN_CONSTANT_CONVERSION = YES;
				CLANG_WARN_DEPRECATED_OBJC_IMPLEMENTATIONS = YES;
				CLANG_WARN_DIRECT_OBJC_ISA_USAGE = YES_ERROR;
				CLANG_WARN_DOCUMENTATION_COMMENTS = YES;
				CLANG_WARN_EMPTY_BODY = YES;
				CLANG_WARN_ENUM_CONVERSION = YES;
				CLANG_WARN_INFINITE_RECURSION = YES;
				CLANG_WARN_INT_CONVERSION = YES;
				CLANG_WARN_NON_LITERAL_NULL_CONVERSION = YES;
				CLANG_WARN_OBJC_IMPLICIT_RETAIN_SELF = YES;
				CLANG_WARN_OBJC_LITERAL_CONVERSION = YES;
				CLANG_WARN_OBJC_ROOT_CLASS = YES_ERROR;
				CLANG_WARN_RANGE_LOOP_ANALYSIS = YES;
				CLANG_WARN_STRICT_PROTOTYPES = YES;
				CLANG_WARN_SUSPICIOUS_MOVE = YES;
				CLANG_WARN_UNGUARDED_AVAILABILITY = YES_AGGRESSIVE;
				CLANG_WARN_UNREACHABLE_CODE = YES;
				CLANG_WARN__DUPLICATE_METHOD_MATCH = YES;
				CODE_SIGN_IDENTITY = "Mac Developer";
				COPY_PHASE_STRIP = NO;
				DEBUG_INFORMATION_FORMAT = dwarf;
				ENABLE_STRICT_OBJC_MSGSEND = YES;
				ENABLE_TESTABILITY = YES;
				GCC_C_LANGUAGE_STANDARD = gnu11;
				GCC_DYNAMIC_NO_PIC = NO;
				GCC_NO_COMMON_BLOCKS = YES;
				GCC_OPTIMIZATION_LEVEL = 0;
				GCC_PREPROCESSOR_DEFINITIONS = (
					"DEBUG=1",
					"$(inherited)",
				);
				GCC_WARN_64_TO_32_BIT_CONVERSION = YES;
				GCC_WARN_ABOUT_RETURN_TYPE = YES_ERROR;
				GCC_WARN_UNDECLARED_SELECTOR = YES;
				GCC_WARN_UNINITIALIZED_AUTOS = YES_AGGRESSIVE;
				GCC_WARN_UNUSED_FUNCTION = YES;
				GCC_WARN_UNUSED_VARIABLE = YES;
				MACOSX_DEPLOYMENT_TARGET = 10.13;
				MTL_ENABLE_DEBUG_INFO = YES;
				ONLY_ACTIVE_ARCH = YES;
				SDKROOT = macosx;
			};
			name = Debug;
		};
		DB6845542085C9B300C50530 /* Release */ = {
			isa = XCBuildConfiguration;
			buildSettings = {
				ALWAYS_SEARCH_USER_PATHS = NO;
				CLANG_ANALYZER_NONNULL = YES;
				CLANG_ANALYZER_NUMBER_OBJECT_CONVERSION = YES_AGGRESSIVE;
				CLANG_CXX_LANGUAGE_STANDARD = "gnu++14";
				CLANG_CXX_LIBRARY = "libc++";
				CLANG_ENABLE_MODULES = YES;
				CLANG_ENABLE_OBJC_ARC = YES;
				CLANG_ENABLE_OBJC_WEAK = YES;
				CLANG_WARN_BLOCK_CAPTURE_AUTORELEASING = YES;
				CLANG_WARN_BOOL_CONVERSION = YES;
				CLANG_WARN_COMMA = YES;
				CLANG_WARN_CONSTANT_CONVERSION = YES;
				CLANG_WARN_DEPRECATED_OBJC_IMPLEMENTATIONS = YES;
				CLANG_WARN_DIRECT_OBJC_ISA_USAGE = YES_ERROR;
				CLANG_WARN_DOCUMENTATION_COMMENTS = YES;
				CLANG_WARN_EMPTY_BODY = YES;
				CLANG_WARN_ENUM_CONVERSION = YES;
				CLANG_WARN_INFINITE_RECURSION = YES;
				CLANG_WARN_INT_CONVERSION = YES;
				CLANG_WARN_NON_LITERAL_NULL_CONVERSION = YES;
				CLANG_WARN_OBJC_IMPLICIT_RETAIN_SELF = YES;
				CLANG_WARN_OBJC_LITERAL_CONVERSION = YES;
				CLANG_WARN_OBJC_ROOT_CLASS = YES_ERROR;
				CLANG_WARN_RANGE_LOOP_ANALYSIS = YES;
				CLANG_WARN_STRICT_PROTOTYPES = YES;
				CLANG_WARN_SUSPICIOUS_MOVE = YES;
				CLANG_WARN_UNGUARDED_AVAILABILITY = YES_AGGRESSIVE;
				CLANG_WARN_UNREACHABLE_CODE = YES;
				CLANG_WARN__DUPLICATE_METHOD_MATCH = YES;
				CODE_SIGN_IDENTITY = "Mac Developer";
				COPY_PHASE_STRIP = NO;
				DEBUG_INFORMATION_FORMAT = "dwarf-with-dsym";
				ENABLE_NS_ASSERTIONS = NO;
				ENABLE_STRICT_OBJC_MSGSEND = YES;
				GCC_C_LANGUAGE_STANDARD = gnu11;
				GCC_NO_COMMON_BLOCKS = YES;
				GCC_WARN_64_TO_32_BIT_CONVERSION = YES;
				GCC_WARN_ABOUT_RETURN_TYPE = YES_ERROR;
				GCC_WARN_UNDECLARED_SELECTOR = YES;
				GCC_WARN_UNINITIALIZED_AUTOS = YES_AGGRESSIVE;
				GCC_WARN_UNUSED_FUNCTION = YES;
				GCC_WARN_UNUSED_VARIABLE = YES;
				MACOSX_DEPLOYMENT_TARGET = 10.13;
				MTL_ENABLE_DEBUG_INFO = NO;
				SDKROOT = macosx;
			};
			name = Release;
		};
		DB6845562085C9B300C50530 /* Debug */ = {
			isa = XCBuildConfiguration;
			buildSettings = {
				ALWAYS_SEARCH_USER_PATHS = YES;
				CODE_SIGN_STYLE = Automatic;
				DEVELOPMENT_TEAM = 9XTQKWEYF3;
				HEADER_SEARCH_PATHS = "$(OpenGL_Header)";
				LIBRARY_SEARCH_PATHS = "$(OpenGL_Lib)";
				PRODUCT_NAME = "$(TARGET_NAME)";
			};
			name = Debug;
		};
		DB6845572085C9B300C50530 /* Release */ = {
			isa = XCBuildConfiguration;
			buildSettings = {
				ALWAYS_SEARCH_USER_PATHS = YES;
				CODE_SIGN_STYLE = Automatic;
				DEVELOPMENT_TEAM = 9XTQKWEYF3;
				HEADER_SEARCH_PATHS = "$(OpenGL_Header)";
				LIBRARY_SEARCH_PATHS = "$(OpenGL_Lib)";
				PRODUCT_NAME = "$(TARGET_NAME)";
			};
			name = Release;
		};
/* End XCBuildConfiguration section */

/* Begin XCConfigurationList section */
		DB6845492085C9B300C50530 /* Build configuration list for PBXProject "ZPZOpenGLPractice" */ = {
			isa = XCConfigurationList;
			buildConfigurations = (
				DB6845532085C9B300C50530 /* Debug */,
				DB6845542085C9B300C50530 /* Release */,
			);
			defaultConfigurationIsVisible = 0;
			defaultConfigurationName = Release;
		};
		DB6845552085C9B300C50530 /* Build configuration list for PBXNativeTarget "ZPZOpenGLPractice" */ = {
			isa = XCConfigurationList;
			buildConfigurations = (
				DB6845562085C9B300C50530 /* Debug */,
				DB6845572085C9B300C50530 /* Release */,
			);
			defaultConfigurationIsVisible = 0;
			defaultConfigurationName = Release;
		};
/* End XCConfigurationList section */
	};
	rootObject = DB6845462085C9B300C50530 /* Project object */;
}
